
Microsoft Visual Studio Solution File, Format Version 12.00
# Visual Studio 14
VisualStudioVersion = 14.0.25420.1
MinimumVisualStudioVersion = 10.0.40219.1
Project("{FAE04EC0-301F-11D3-BF4B-00C04F79EFBC}") = "Quiron.LojaVirtual.Dominio", "Quiron.LojaVirtual.Dominio\Quiron.LojaVirtual.Dominio.csproj", "{72F174A8-30F0-47A3-B023-2F05C8B364EA}"
EndProject
Project("{FAE04EC0-301F-11D3-BF4B-00C04F79EFBC}") = "Quiron.LojaVirtual.Web", "Quiron.LojaVirtual.Web\Quiron.LojaVirtual.Web.csproj", "{FB7A604D-38D5-47E6-BC5D-3144532D3874}"
EndProject
Project("{FAE04EC0-301F-11D3-BF4B-00C04F79EFBC}") = "Quiron.LojaVirtual.UnitTest", "Quiron.LojaVirtual.UnitTest\Quiron.LojaVirtual.UnitTest.csproj", "{021E06BB-3ECD-4564-83EA-6BFFBD4AAE5C}"
EndProject
Global
	GlobalSection(SolutionConfigurationPlatforms) = preSolution
		Debug|Any CPU = Debug|Any CPU
		Release|Any CPU = Release|Any CPU
	EndGlobalSection
	GlobalSection(ProjectConfigurationPlatforms) = postSolution
		{72F174A8-30F0-47A3-B023-2F05C8B364EA}.Debug|Any CPU.ActiveCfg = Debug|Any CPU
		{72F174A8-30F0-47A3-B023-2F05C8B364EA}.Debug|Any CPU.Build.0 = Debug|Any CPU
		{72F174A8-30F0-47A3-B023-2F05C8B364EA}.Release|Any CPU.ActiveCfg = Release|Any CPU
		{72F174A8-30F0-47A3-B023-2F05C8B364EA}.Release|Any CPU.Build.0 = Release|Any CPU
		{FB7A604D-38D5-47E6-BC5D-3144532D3874}.Debug|Any CPU.ActiveCfg = Debug|Any CPU
		{FB7A604D-38D5-47E6-BC5D-3144532D3874}.Debug|Any CPU.Build.0 = Debug|Any CPU
		{FB7A604D-38D5-47E6-BC5D-3144532D3874}.Release|Any CPU.ActiveCfg = Release|Any CPU
		{FB7A604D-38D5-47E6-BC5D-3144532D3874}.Release|Any CPU.Build.0 = Release|Any CPU
		{021E06BB-3ECD-4564-83EA-6BFFBD4AAE5C}.Debug|Any CPU.ActiveCfg = Debug|Any CPU
		{021E06BB-3ECD-4564-83EA-6BFFBD4AAE5C}.Debug|Any CPU.Build.0 = Debug|Any CPU
		{021E06BB-3ECD-4564-83EA-6BFFBD4AAE5C}.Release|Any CPU.ActiveCfg = Release|Any CPU
		{021E06BB-3ECD-4564-83EA-6BFFBD4AAE5C}.Release|Any CPU.Build.0 = Release|Any CPU
	EndGlobalSection
	GlobalSection(SolutionProperties) = preSolution
		HideSolutionNode = FALSE
	EndGlobalSection
EndGlobal
